Microsoft Visual Studio Solution File, Format Version 12.00
# Visual Studio Version 17
VisualStudioVersion = 17.5.2.0
MinimumVisualStudioVersion = 10.0.40219.1
Project("{FAE04EC0-301F-11D3-BF4B-00C04F79EFBC}") = "MyParcelApi_ConfigSecured", "MyParcelApi_ConfigSecured.csproj", "{7958C75A-6FE5-AC83-CEE2-F5F21609BA94}"
EndProject
Global
	GlobalSection(SolutionConfigurationPlatforms) = preSolution
		Debug|Any CPU = Debug|Any CPU
		Release|Any CPU = Release|Any CPU
	EndGlobalSection
	GlobalSection(ProjectConfigurationPlatforms) = postSolution
		{7958C75A-6FE5-AC83-CEE2-F5F21609BA94}.Debug|Any CPU.ActiveCfg = Debug|Any CPU
		{7958C75A-6FE5-AC83-CEE2-F5F21609BA94}.Debug|Any CPU.Build.0 = Debug|Any CPU
		{7958C75A-6FE5-AC83-CEE2-F5F21609BA94}.Release|Any CPU.ActiveCfg = Release|Any CPU
		{7958C75A-6FE5-AC83-CEE2-F5F21609BA94}.Release|Any CPU.Build.0 = Release|Any CPU
	EndGlobalSection
	GlobalSection(SolutionProperties) = preSolution
		HideSolutionNode = FALSE
	EndGlobalSection
	GlobalSection(ExtensibilityGlobals) = postSolution
		SolutionGuid = {A3420BA3-788C-496E-A5E8-C476401D4051}
	EndGlobalSection
EndGlobal
